
Microsoft Visual Studio Solution File, Format Version 12.00
# Visual Studio 15
VisualStudioVersion = 15.0.28307.136
MinimumVisualStudioVersion = 10.0.40219.1
Project("{FAE04EC0-301F-11D3-BF4B-00C04F79EFBC}") = "ApplicationTest", "ApplicationTest\ApplicationTest.csproj", "{82275CD7-75DE-4B43-8CD8-77A68D1C938E}"
EndProject
Global
	GlobalSection(SolutionConfigurationPlatforms) = preSolution
		Debug|Any CPU = Debug|Any CPU
		Release|Any CPU = Release|Any CPU
	EndGlobalSection
	GlobalSection(ProjectConfigurationPlatforms) = postSolution
		{82275CD7-75DE-4B43-8CD8-77A68D1C938E}.Debug|Any CPU.ActiveCfg = Debug|Any CPU
		{82275CD7-75DE-4B43-8CD8-77A68D1C938E}.Debug|Any CPU.Build.0 = Debug|Any CPU
		{82275CD7-75DE-4B43-8CD8-77A68D1C938E}.Release|Any CPU.ActiveCfg = Release|Any CPU
		{82275CD7-75DE-4B43-8CD8-77A68D1C938E}.Release|Any CPU.Build.0 = Release|Any CPU
	EndGlobalSection
	GlobalSection(SolutionProperties) = preSolution
		HideSolutionNode = FALSE
	EndGlobalSection
	GlobalSection(ExtensibilityGlobals) = postSolution
		SolutionGuid = {4607E4D9-6A2F-47EF-9DD4-8CF43C281EF1}
	EndGlobalSection
EndGlobal
